
Microsoft Visual Studio Solution File, Format Version 12.00
# Visual Studio 15
VisualStudioVersion = 15.0.28307.136
MinimumVisualStudioVersion = 10.0.40219.1
Project("{9A19103F-16F7-4668-BE54-9A1E7A4F7556}") = "Xyzies.TWC.DisputeService.API", "Xyzies.TWC.DisputeService.API\Xyzies.TWC.DisputeService.API.csproj", "{EF47EBC4-58FE-41C0-97CB-7DBA0B649EF4}"
EndProject
Project("{9A19103F-16F7-4668-BE54-9A1E7A4F7556}") = "Xyzies.TWC.DisputeService.Data", "Xyzies.TWC.DisputeService.Data\Xyzies.TWC.DisputeService.Data.csproj", "{04B0C8E1-B069-40AC-A4C5-C2373014611F}"
EndProject
Project("{9A19103F-16F7-4668-BE54-9A1E7A4F7556}") = "Xyzies.TWC.DisputeService.Tests", "Xyzies.TWC.DisputeService.Tests\Xyzies.TWC.DisputeService.Tests.csproj", "{6408EAD7-6F0E-46A8-80B5-86BFC80AE4C4}"
EndProject
Project("{2150E333-8FDC-42A3-9474-1A3956D46DE8}") = "Optymyze", "Optymyze", "{CE8AC2CA-93AE-48A5-BD93-99E4B40563A1}"
EndProject
Project("{FAE04EC0-301F-11D3-BF4B-00C04F79EFBC}") = "Xyzies.TWC.OptymyzeClient", "Xyzies.TWC.OptymyzeClient\Xyzies.TWC.OptymyzeClient.csproj", "{3F65DD44-4B1E-4910-A28C-28EA690A0933}"
EndProject
Global
	GlobalSection(SolutionConfigurationPlatforms) = preSolution
		Debug|Any CPU = Debug|Any CPU
		Release|Any CPU = Release|Any CPU
	EndGlobalSection
	GlobalSection(ProjectConfigurationPlatforms) = postSolution
		{EF47EBC4-58FE-41C0-97CB-7DBA0B649EF4}.Debug|Any CPU.ActiveCfg = Debug|Any CPU
		{EF47EBC4-58FE-41C0-97CB-7DBA0B649EF4}.Debug|Any CPU.Build.0 = Debug|Any CPU
		{EF47EBC4-58FE-41C0-97CB-7DBA0B649EF4}.Release|Any CPU.ActiveCfg = Release|Any CPU
		{EF47EBC4-58FE-41C0-97CB-7DBA0B649EF4}.Release|Any CPU.Build.0 = Release|Any CPU
		{04B0C8E1-B069-40AC-A4C5-C2373014611F}.Debug|Any CPU.ActiveCfg = Debug|Any CPU
		{04B0C8E1-B069-40AC-A4C5-C2373014611F}.Debug|Any CPU.Build.0 = Debug|Any CPU
		{04B0C8E1-B069-40AC-A4C5-C2373014611F}.Release|Any CPU.ActiveCfg = Release|Any CPU
		{04B0C8E1-B069-40AC-A4C5-C2373014611F}.Release|Any CPU.Build.0 = Release|Any CPU
		{6408EAD7-6F0E-46A8-80B5-86BFC80AE4C4}.Debug|Any CPU.ActiveCfg = Debug|Any CPU
		{6408EAD7-6F0E-46A8-80B5-86BFC80AE4C4}.Debug|Any CPU.Build.0 = Debug|Any CPU
		{6408EAD7-6F0E-46A8-80B5-86BFC80AE4C4}.Release|Any CPU.ActiveCfg = Release|Any CPU
		{6408EAD7-6F0E-46A8-80B5-86BFC80AE4C4}.Release|Any CPU.Build.0 = Release|Any CPU
		{3F65DD44-4B1E-4910-A28C-28EA690A0933}.Debug|Any CPU.ActiveCfg = Debug|Any CPU
		{3F65DD44-4B1E-4910-A28C-28EA690A0933}.Debug|Any CPU.Build.0 = Debug|Any CPU
		{3F65DD44-4B1E-4910-A28C-28EA690A0933}.Release|Any CPU.ActiveCfg = Release|Any CPU
		{3F65DD44-4B1E-4910-A28C-28EA690A0933}.Release|Any CPU.Build.0 = Release|Any CPU
	EndGlobalSection
	GlobalSection(SolutionProperties) = preSolution
		HideSolutionNode = FALSE
	EndGlobalSection
	GlobalSection(NestedProjects) = preSolution
		{3F65DD44-4B1E-4910-A28C-28EA690A0933} = {CE8AC2CA-93AE-48A5-BD93-99E4B40563A1}
	EndGlobalSection
	GlobalSection(ExtensibilityGlobals) = postSolution
		SolutionGuid = {D96FADFE-D19F-423D-B60D-608724A113B1}
	EndGlobalSection
EndGlobal
