
Microsoft Visual Studio Solution File, Format Version 12.00
# Visual Studio 15
VisualStudioVersion = 15.0.28307.329
MinimumVisualStudioVersion = 10.0.40219.1
Project("{9A19103F-16F7-4668-BE54-9A1E7A4F7556}") = "IdentityServiceClient", "IdentityServiceClient\IdentityServiceClient.csproj", "{A812EAB0-C9ED-4E92-8454-8521F0518AA1}"
EndProject
Project("{9A19103F-16F7-4668-BE54-9A1E7A4F7556}") = "IdentityServiceClient.Tests", "IdentityServiceClient.Tests\IdentityServiceClient.Tests.csproj", "{559C4C5B-78DE-429A-A497-14E3799B063E}"
EndProject
Project("{FAE04EC0-301F-11D3-BF4B-00C04F79EFBC}") = "TestClient", "TestClient\TestClient.csproj", "{2977ACBE-FD08-4257-A9FB-57FC7B5C9097}"
EndProject
Global
	GlobalSection(SolutionConfigurationPlatforms) = preSolution
		Debug|Any CPU = Debug|Any CPU
		Release|Any CPU = Release|Any CPU
	EndGlobalSection
	GlobalSection(ProjectConfigurationPlatforms) = postSolution
		{A812EAB0-C9ED-4E92-8454-8521F0518AA1}.Debug|Any CPU.ActiveCfg = Debug|Any CPU
		{A812EAB0-C9ED-4E92-8454-8521F0518AA1}.Debug|Any CPU.Build.0 = Debug|Any CPU
		{A812EAB0-C9ED-4E92-8454-8521F0518AA1}.Release|Any CPU.ActiveCfg = Release|Any CPU
		{A812EAB0-C9ED-4E92-8454-8521F0518AA1}.Release|Any CPU.Build.0 = Release|Any CPU
		{559C4C5B-78DE-429A-A497-14E3799B063E}.Debug|Any CPU.ActiveCfg = Debug|Any CPU
		{559C4C5B-78DE-429A-A497-14E3799B063E}.Debug|Any CPU.Build.0 = Debug|Any CPU
		{559C4C5B-78DE-429A-A497-14E3799B063E}.Release|Any CPU.ActiveCfg = Release|Any CPU
		{559C4C5B-78DE-429A-A497-14E3799B063E}.Release|Any CPU.Build.0 = Release|Any CPU
		{2977ACBE-FD08-4257-A9FB-57FC7B5C9097}.Debug|Any CPU.ActiveCfg = Debug|Any CPU
		{2977ACBE-FD08-4257-A9FB-57FC7B5C9097}.Debug|Any CPU.Build.0 = Debug|Any CPU
		{2977ACBE-FD08-4257-A9FB-57FC7B5C9097}.Release|Any CPU.ActiveCfg = Release|Any CPU
		{2977ACBE-FD08-4257-A9FB-57FC7B5C9097}.Release|Any CPU.Build.0 = Release|Any CPU
	EndGlobalSection
	GlobalSection(SolutionProperties) = preSolution
		HideSolutionNode = FALSE
	EndGlobalSection
	GlobalSection(ExtensibilityGlobals) = postSolution
		SolutionGuid = {5E8AF667-64BD-436C-BABA-5BF8ED9D682F}
	EndGlobalSection
EndGlobal
