
Microsoft Visual Studio Solution File, Format Version 12.00
# Visual Studio 15
VisualStudioVersion = 15.0.28010.2041
MinimumVisualStudioVersion = 10.0.40219.1
Project("{FAE04EC0-301F-11D3-BF4B-00C04F79EFBC}") = "Xyzies.TWC.Public.Api", "Xyzies.TWC.Public.Api\Xyzies.TWC.Public.Api.csproj", "{2C30EC37-8417-4FD2-A05C-4ABB6E6B4C43}"
EndProject
Project("{FAE04EC0-301F-11D3-BF4B-00C04F79EFBC}") = "Xyzies.TWC.Public.Data", "Xyzies.TWC.Public.Data\Xyzies.TWC.Public.Data.csproj", "{9024B217-2A96-40B1-A93C-4761A6991314}"
EndProject
Global
	GlobalSection(SolutionConfigurationPlatforms) = preSolution
		Debug|Any CPU = Debug|Any CPU
		Release|Any CPU = Release|Any CPU
	EndGlobalSection
	GlobalSection(ProjectConfigurationPlatforms) = postSolution
		{2C30EC37-8417-4FD2-A05C-4ABB6E6B4C43}.Debug|Any CPU.ActiveCfg = Debug|Any CPU
		{2C30EC37-8417-4FD2-A05C-4ABB6E6B4C43}.Debug|Any CPU.Build.0 = Debug|Any CPU
		{2C30EC37-8417-4FD2-A05C-4ABB6E6B4C43}.Release|Any CPU.ActiveCfg = Release|Any CPU
		{2C30EC37-8417-4FD2-A05C-4ABB6E6B4C43}.Release|Any CPU.Build.0 = Release|Any CPU
		{9024B217-2A96-40B1-A93C-4761A6991314}.Debug|Any CPU.ActiveCfg = Debug|Any CPU
		{9024B217-2A96-40B1-A93C-4761A6991314}.Debug|Any CPU.Build.0 = Debug|Any CPU
		{9024B217-2A96-40B1-A93C-4761A6991314}.Release|Any CPU.ActiveCfg = Release|Any CPU
		{9024B217-2A96-40B1-A93C-4761A6991314}.Release|Any CPU.Build.0 = Release|Any CPU
	EndGlobalSection
	GlobalSection(SolutionProperties) = preSolution
		HideSolutionNode = FALSE
	EndGlobalSection
	GlobalSection(ExtensibilityGlobals) = postSolution
		SolutionGuid = {6899BD74-F79B-4A15-9A15-C576FE58071D}
	EndGlobalSection
EndGlobal
