
Microsoft Visual Studio Solution File, Format Version 12.00
# Visual Studio 15
VisualStudioVersion = 15.0.28307.271
MinimumVisualStudioVersion = 10.0.40219.1
Project("{9A19103F-16F7-4668-BE54-9A1E7A4F7556}") = "IdentityMS", "IdentityMS\IdentityMS.csproj", "{073E6CB4-327A-4BF0-8A6B-878761F3ECB0}"
EndProject
Global
	GlobalSection(SolutionConfigurationPlatforms) = preSolution
		Debug|Any CPU = Debug|Any CPU
		Release|Any CPU = Release|Any CPU
	EndGlobalSection
	GlobalSection(ProjectConfigurationPlatforms) = postSolution
		{073E6CB4-327A-4BF0-8A6B-878761F3ECB0}.Debug|Any CPU.ActiveCfg = Debug|Any CPU
		{073E6CB4-327A-4BF0-8A6B-878761F3ECB0}.Debug|Any CPU.Build.0 = Debug|Any CPU
		{073E6CB4-327A-4BF0-8A6B-878761F3ECB0}.Release|Any CPU.ActiveCfg = Release|Any CPU
		{073E6CB4-327A-4BF0-8A6B-878761F3ECB0}.Release|Any CPU.Build.0 = Release|Any CPU
	EndGlobalSection
	GlobalSection(SolutionProperties) = preSolution
		HideSolutionNode = FALSE
	EndGlobalSection
	GlobalSection(ExtensibilityGlobals) = postSolution
		SolutionGuid = {5AB586E0-0717-4776-9417-AA62399E707A}
	EndGlobalSection
EndGlobal
