
Microsoft Visual Studio Solution File, Format Version 12.00
# Visual Studio Version 16
VisualStudioVersion = 16.0.28803.352
MinimumVisualStudioVersion = 10.0.40219.1
Project("{9A19103F-16F7-4668-BE54-9A1E7A4F7556}") = "Xyzies.TWC.Public.Api", "Xyzies.TWC.Public.Api\Xyzies.TWC.Public.Api.csproj", "{2C30EC37-8417-4FD2-A05C-4ABB6E6B4C43}"
EndProject
Project("{9A19103F-16F7-4668-BE54-9A1E7A4F7556}") = "Xyzies.TWC.Public.Data", "Xyzies.TWC.Public.Data\Xyzies.TWC.Public.Data.csproj", "{9024B217-2A96-40B1-A93C-4761A6991314}"
EndProject
Project("{9A19103F-16F7-4668-BE54-9A1E7A4F7556}") = "Xyzies.Logger", "Xyzies.Logger\Xyzies.Logger.csproj", "{FA018EA2-8522-4746-A8F7-2E37DB49FE4F}"
EndProject
Global
	GlobalSection(SolutionConfigurationPlatforms) = preSolution
		Debug|Any CPU = Debug|Any CPU
		Release|Any CPU = Release|Any CPU
	EndGlobalSection
	GlobalSection(ProjectConfigurationPlatforms) = postSolution
		{2C30EC37-8417-4FD2-A05C-4ABB6E6B4C43}.Debug|Any CPU.ActiveCfg = Debug|Any CPU
		{2C30EC37-8417-4FD2-A05C-4ABB6E6B4C43}.Debug|Any CPU.Build.0 = Debug|Any CPU
		{2C30EC37-8417-4FD2-A05C-4ABB6E6B4C43}.Release|Any CPU.ActiveCfg = Release|Any CPU
		{2C30EC37-8417-4FD2-A05C-4ABB6E6B4C43}.Release|Any CPU.Build.0 = Release|Any CPU
		{9024B217-2A96-40B1-A93C-4761A6991314}.Debug|Any CPU.ActiveCfg = Debug|Any CPU
		{9024B217-2A96-40B1-A93C-4761A6991314}.Debug|Any CPU.Build.0 = Debug|Any CPU
		{9024B217-2A96-40B1-A93C-4761A6991314}.Release|Any CPU.ActiveCfg = Release|Any CPU
		{9024B217-2A96-40B1-A93C-4761A6991314}.Release|Any CPU.Build.0 = Release|Any CPU
		{FA018EA2-8522-4746-A8F7-2E37DB49FE4F}.Debug|Any CPU.ActiveCfg = Debug|Any CPU
		{FA018EA2-8522-4746-A8F7-2E37DB49FE4F}.Debug|Any CPU.Build.0 = Debug|Any CPU
		{FA018EA2-8522-4746-A8F7-2E37DB49FE4F}.Release|Any CPU.ActiveCfg = Release|Any CPU
		{FA018EA2-8522-4746-A8F7-2E37DB49FE4F}.Release|Any CPU.Build.0 = Release|Any CPU
	EndGlobalSection
	GlobalSection(SolutionProperties) = preSolution
		HideSolutionNode = FALSE
	EndGlobalSection
	GlobalSection(ExtensibilityGlobals) = postSolution
		SolutionGuid = {6899BD74-F79B-4A15-9A15-C576FE58071D}
	EndGlobalSection
EndGlobal
